
Microsoft Visual Studio Solution File, Format Version 12.00
# Visual Studio Version 16
VisualStudioVersion = 16.0.29920.165
MinimumVisualStudioVersion = 10.0.40219.1
Project("{FAE04EC0-301F-11D3-BF4B-00C04F79EFBC}") = "Modul4_kell22_live", "Modul4_kell22_live.csproj", "{729A1C57-B797-4EB2-B177-F33F400C7BF3}"
EndProject
Global
	GlobalSection(SolutionConfigurationPlatforms) = preSolution
		Debug|Any CPU = Debug|Any CPU
		Release|Any CPU = Release|Any CPU
	EndGlobalSection
	GlobalSection(ProjectConfigurationPlatforms) = postSolution
		{729A1C57-B797-4EB2-B177-F33F400C7BF3}.Debug|Any CPU.ActiveCfg = Debug|Any CPU
		{729A1C57-B797-4EB2-B177-F33F400C7BF3}.Debug|Any CPU.Build.0 = Debug|Any CPU
		{729A1C57-B797-4EB2-B177-F33F400C7BF3}.Release|Any CPU.ActiveCfg = Release|Any CPU
		{729A1C57-B797-4EB2-B177-F33F400C7BF3}.Release|Any CPU.Build.0 = Release|Any CPU
	EndGlobalSection
	GlobalSection(SolutionProperties) = preSolution
		HideSolutionNode = FALSE
	EndGlobalSection
	GlobalSection(ExtensibilityGlobals) = postSolution
		SolutionGuid = {0EEE3B6B-6EDF-4545-847D-12A30B301940}
	EndGlobalSection
EndGlobal
